{
  "name": "@bvc-lang/cli",
  "version": "0.1.0",
  "lockfileVersion": 3,
  "requires": true,
  "packages": {
    "": {
      "name": "@bvc-lang/cli",
      "version": "0.1.0",
      "license": "MIT",
      "dependencies": {
        "@bvc-lang/spec": "^0.0.1"
      },
      "bin": {
        "bvc": "bin/bvc.mjs"
      },
      "engines": {
        "node": ">=20"
      }
    },
    "node_modules/@bvc-lang/spec": {
      "version": "0.0.1",
      "resolved": "https://registry.npmjs.org/@bvc-lang/spec/-/spec-0.0.1.tgz",
      "integrity": "sha512-VJjBjuVguwDfdqaMW+PZQ8gUGN05B3gujdyLikvTkijI21EoQ11BAErR3GWE6CSHFenisccr5lbp5KaYmLobnQ==",
      "license": "Apache-2.0",
      "engines": {
        "node": ">=20"
      }
    }
  }
}
